
Microsoft Visual Studio Solution File, Format Version 12.00
# Visual Studio 2012
Project("{FAE04EC0-301F-11D3-BF4B-00C04F79EFBC}") = "DAL", "BowlingService.Business\DAL.csproj", "{A499B019-EEF7-4394-9A43-4E550ABD7C3A}"
EndProject
Project("{FAE04EC0-301F-11D3-BF4B-00C04F79EFBC}") = "BusinessObjects", "BowlingAPI.ServiceLibrary\BusinessObjects.csproj", "{15B3E0D2-6217-493A-A690-158C497F5318}"
EndProject
Project("{FAE04EC0-301F-11D3-BF4B-00C04F79EFBC}") = "BowlingAPI.Service", "BowlingAPI.Service\BowlingAPI.Service.csproj", "{0E9BF136-D409-46BD-BD07-E57E67250950}"
EndProject
Global
	GlobalSection(SolutionConfigurationPlatforms) = preSolution
		Debug|Any CPU = Debug|Any CPU
		Release|Any CPU = Release|Any CPU
	EndGlobalSection
	GlobalSection(ProjectConfigurationPlatforms) = postSolution
		{A499B019-EEF7-4394-9A43-4E550ABD7C3A}.Debug|Any CPU.ActiveCfg = Debug|Any CPU
		{A499B019-EEF7-4394-9A43-4E550ABD7C3A}.Debug|Any CPU.Build.0 = Debug|Any CPU
		{A499B019-EEF7-4394-9A43-4E550ABD7C3A}.Release|Any CPU.ActiveCfg = Release|Any CPU
		{A499B019-EEF7-4394-9A43-4E550ABD7C3A}.Release|Any CPU.Build.0 = Release|Any CPU
		{15B3E0D2-6217-493A-A690-158C497F5318}.Debug|Any CPU.ActiveCfg = Debug|Any CPU
		{15B3E0D2-6217-493A-A690-158C497F5318}.Debug|Any CPU.Build.0 = Debug|Any CPU
		{15B3E0D2-6217-493A-A690-158C497F5318}.Release|Any CPU.ActiveCfg = Release|Any CPU
		{15B3E0D2-6217-493A-A690-158C497F5318}.Release|Any CPU.Build.0 = Release|Any CPU
		{0E9BF136-D409-46BD-BD07-E57E67250950}.Debug|Any CPU.ActiveCfg = Debug|Any CPU
		{0E9BF136-D409-46BD-BD07-E57E67250950}.Debug|Any CPU.Build.0 = Debug|Any CPU
		{0E9BF136-D409-46BD-BD07-E57E67250950}.Release|Any CPU.ActiveCfg = Release|Any CPU
		{0E9BF136-D409-46BD-BD07-E57E67250950}.Release|Any CPU.Build.0 = Release|Any CPU
	EndGlobalSection
	GlobalSection(SolutionProperties) = preSolution
		HideSolutionNode = FALSE
	EndGlobalSection
EndGlobal
